// !$*UTF8*$!
{
	archiveVersion = 1;
	classes = {
	};
	objectVersion = 52;
	objects = {

/* Begin PBXBuildFile section */
		7FFED40226738A6100A8D967 /* AppDelegate.swift in Sources */ = {isa = PBXBuildFile; fileRef = 7FFED40126738A6100A8D967 /* AppDelegate.swift */; };
		7FFED40426738A6100A8D967 /* SceneDelegate.swift in Sources */ = {isa = PBXBuildFile; fileRef = 7FFED40326738A6100A8D967 /* SceneDelegate.swift */; };
		7FFED40B26738A6800A8D967 /* Assets.xcassets in Resources */ = {isa = PBXBuildFile; fileRef = 7FFED40A26738A6800A8D967 /* Assets.xcassets */; };
		7FFED40E26738A6800A8D967 /* LaunchScreen.storyboard in Resources */ = {isa = PBXBuildFile; fileRef = 7FFED40C26738A6800A8D967 /* LaunchScreen.storyboard */; };
		7FFED41926738A6A00A8D967 /* CanaryTVTests.swift in Sources */ = {isa = PBXBuildFile; fileRef = 7FFED41826738A6A00A8D967 /* CanaryTVTests.swift */; };
		7FFED42426738A6A00A8D967 /* CanaryTVUITests.swift in Sources */ = {isa = PBXBuildFile; fileRef = 7FFED42326738A6A00A8D967 /* CanaryTVUITests.swift */; };
		7FFED43826739D8800A8D967 /* Alamofire in Frameworks */ = {isa = PBXBuildFile; productRef = 7FFED43726739D8800A8D967 /* Alamofire */; };
		7FFED43B26739ED600A8D967 /* Swinject in Frameworks */ = {isa = PBXBuildFile; productRef = 7FFED43A26739ED600A8D967 /* Swinject */; };
		7FFED4462673A3ED00A8D967 /* WebService.swift in Sources */ = {isa = PBXBuildFile; fileRef = 7FFED4442673A3EC00A8D967 /* WebService.swift */; };
		7FFED4472673A3ED00A8D967 /* Endpoint.swift in Sources */ = {isa = PBXBuildFile; fileRef = 7FFED4452673A3ED00A8D967 /* Endpoint.swift */; };
		7FFED44B2673A42A00A8D967 /* ListMoviesModel.swift in Sources */ = {isa = PBXBuildFile; fileRef = 7FFED44A2673A42A00A8D967 /* ListMoviesModel.swift */; };
		7FFED44D2673A4FE00A8D967 /* Constants.swift in Sources */ = {isa = PBXBuildFile; fileRef = 7FFED44C2673A4FE00A8D967 /* Constants.swift */; };
		7FFED44F2673A65D00A8D967 /* ListFreeMovies.swift in Sources */ = {isa = PBXBuildFile; fileRef = 7FFED44E2673A65D00A8D967 /* ListFreeMovies.swift */; };
		7FFED4512673A6BB00A8D967 /* GetMovieInfo.swift in Sources */ = {isa = PBXBuildFile; fileRef = 7FFED4502673A6BB00A8D967 /* GetMovieInfo.swift */; };
		7FFED4532673A6D000A8D967 /* GetTrailerURL.swift in Sources */ = {isa = PBXBuildFile; fileRef = 7FFED4522673A6D000A8D967 /* GetTrailerURL.swift */; };
		7FFED4562673AF4500A8D967 /* UIApplication+TopViewController.swift in Sources */ = {isa = PBXBuildFile; fileRef = 7FFED4552673AF4500A8D967 /* UIApplication+TopViewController.swift */; };
		7FFED4582673AFCD00A8D967 /* UIViewController+ActivityIndicator.swift in Sources */ = {isa = PBXBuildFile; fileRef = 7FFED4572673AFCD00A8D967 /* UIViewController+ActivityIndicator.swift */; };
		7FFED45A2673B15B00A8D967 /* ErrorHandler.swift in Sources */ = {isa = PBXBuildFile; fileRef = 7FFED4592673B15B00A8D967 /* ErrorHandler.swift */; };
		7FFED46226775AEC00A8D967 /* HomeViewController.swift in Sources */ = {isa = PBXBuildFile; fileRef = 7FFED46126775AEC00A8D967 /* HomeViewController.swift */; };
		7FFED46426775B0000A8D967 /* DefaultHomeViewController.swift in Sources */ = {isa = PBXBuildFile; fileRef = 7FFED46326775B0000A8D967 /* DefaultHomeViewController.swift */; };
		7FFED46726775BF100A8D967 /* HomePresenter.swift in Sources */ = {isa = PBXBuildFile; fileRef = 7FFED46626775BF100A8D967 /* HomePresenter.swift */; };
		7FFED46926775BFE00A8D967 /* DefaultHomePresenter.swift in Sources */ = {isa = PBXBuildFile; fileRef = 7FFED46826775BFE00A8D967 /* DefaultHomePresenter.swift */; };
		7FFED46B26775C0D00A8D967 /* HomeRouter.swift in Sources */ = {isa = PBXBuildFile; fileRef = 7FFED46A26775C0D00A8D967 /* HomeRouter.swift */; };
		7FFED46D26775C1900A8D967 /* DefaultHomeRouter.swift in Sources */ = {isa = PBXBuildFile; fileRef = 7FFED46C26775C1900A8D967 /* DefaultHomeRouter.swift */; };
		7FFED46F26775CC700A8D967 /* Colors.swift in Sources */ = {isa = PBXBuildFile; fileRef = 7FFED46E26775CC700A8D967 /* Colors.swift */; };
		7FFED47126775DFB00A8D967 /* BaseViewController.swift in Sources */ = {isa = PBXBuildFile; fileRef = 7FFED47026775DFA00A8D967 /* BaseViewController.swift */; };
		7FFED47326775FE400A8D967 /* DefaultHomeViewController+BuildComponents.swift in Sources */ = {isa = PBXBuildFile; fileRef = 7FFED47226775FE400A8D967 /* DefaultHomeViewController+BuildComponents.swift */; };
		7FFED4752677601400A8D967 /* DefaultHomeViewController+Layout.swift in Sources */ = {isa = PBXBuildFile; fileRef = 7FFED4742677601400A8D967 /* DefaultHomeViewController+Layout.swift */; };
		7FFED47726776B4B00A8D967 /* InitializeDependencyInjectionService.swift in Sources */ = {isa = PBXBuildFile; fileRef = 7FFED47626776B4B00A8D967 /* InitializeDependencyInjectionService.swift */; };
		7FFED47926776C9900A8D967 /* HomeInjection.swift in Sources */ = {isa = PBXBuildFile; fileRef = 7FFED47826776C9900A8D967 /* HomeInjection.swift */; };
		7FFED47C26777FDA00A8D967 /* RegisterUtils.swift in Sources */ = {isa = PBXBuildFile; fileRef = 7FFED47B26777FDA00A8D967 /* RegisterUtils.swift */; };
		7FFED47F26779A4700A8D967 /* ListMoviesTableManager.swift in Sources */ = {isa = PBXBuildFile; fileRef = 7FFED47E26779A4700A8D967 /* ListMoviesTableManager.swift */; };
		7FFED4832677A9D100A8D967 /* ListMoviesTableViewCell.swift in Sources */ = {isa = PBXBuildFile; fileRef = 7FFED4812677A9D100A8D967 /* ListMoviesTableViewCell.swift */; };
		7FFED4842677A9D100A8D967 /* ListMoviesTableViewCell.xib in Resources */ = {isa = PBXBuildFile; fileRef = 7FFED4822677A9D100A8D967 /* ListMoviesTableViewCell.xib */; };
		7FFED4862677AA9C00A8D967 /* UITableViewCell+Identifier.swift in Sources */ = {isa = PBXBuildFile; fileRef = 7FFED4852677AA9C00A8D967 /* UITableViewCell+Identifier.swift */; };
		7FFED48D2677B43400A8D967 /* Interactors.swift in Sources */ = {isa = PBXBuildFile; fileRef = 7FFED48C2677B43400A8D967 /* Interactors.swift */; };
		7FFED48F2677B44600A8D967 /* ListMoviesInteractor.swift in Sources */ = {isa = PBXBuildFile; fileRef = 7FFED48E2677B44600A8D967 /* ListMoviesInteractor.swift */; };
		7FFED4922677B98200A8D967 /* ListMoviesInteractorInjector.swift in Sources */ = {isa = PBXBuildFile; fileRef = 7FFED4912677B98200A8D967 /* ListMoviesInteractorInjector.swift */; };
		7FFED49426788F7C00A8D967 /* ListLastMovies.swift in Sources */ = {isa = PBXBuildFile; fileRef = 7FFED49326788F7C00A8D967 /* ListLastMovies.swift */; };
		7FFED496267890B700A8D967 /* ListStoriesMovies.swift in Sources */ = {isa = PBXBuildFile; fileRef = 7FFED495267890B700A8D967 /* ListStoriesMovies.swift */; };
		7FFED498267890FF00A8D967 /* ListActionMovies.swift in Sources */ = {isa = PBXBuildFile; fileRef = 7FFED497267890FF00A8D967 /* ListActionMovies.swift */; };
		7FFED49A267895DF00A8D967 /* ListCinemaMovies.swift in Sources */ = {isa = PBXBuildFile; fileRef = 7FFED499267895DF00A8D967 /* ListCinemaMovies.swift */; };
		7FFED49C2678964900A8D967 /* ListComedyMovies.swift in Sources */ = {isa = PBXBuildFile; fileRef = 7FFED49B2678964900A8D967 /* ListComedyMovies.swift */; };
/* End PBXBuildFile section */

/* Begin PBXContainerItemProxy section */
		7FFED41526738A6A00A8D967 /* PBXContainerItemProxy */ = {
			isa = PBXContainerItemProxy;
			containerPortal = 7FFED3F626738A6100A8D967 /* Project object */;
			proxyType = 1;
			remoteGlobalIDString = 7FFED3FD26738A6100A8D967;
			remoteInfo = CanaryTV;
		};
		7FFED42026738A6A00A8D967 /* PBXContainerItemProxy */ = {
			isa = PBXContainerItemProxy;
			containerPortal = 7FFED3F626738A6100A8D967 /* Project object */;
			proxyType = 1;
			remoteGlobalIDString = 7FFED3FD26738A6100A8D967;
			remoteInfo = CanaryTV;
		};
/* End PBXContainerItemProxy section */

/* Begin PBXFileReference section */
		7FFED3FE26738A6100A8D967 /* CanaryTV.app */ = {isa = PBXFileReference; explicitFileType = wrapper.application; includeInIndex = 0; path = CanaryTV.app; sourceTree = BUILT_PRODUCTS_DIR; };
		7FFED40126738A6100A8D967 /* AppDelegate.swift */ = {isa = PBXFileReference; lastKnownFileType = sourcecode.swift; path = AppDelegate.swift; sourceTree = "<group>"; };
		7FFED40326738A6100A8D967 /* SceneDelegate.swift */ = {isa = PBXFileReference; lastKnownFileType = sourcecode.swift; path = SceneDelegate.swift; sourceTree = "<group>"; };
		7FFED40A26738A6800A8D967 /* Assets.xcassets */ = {isa = PBXFileReference; lastKnownFileType = folder.assetcatalog; path = Assets.xcassets; sourceTree = "<group>"; };
		7FFED40D26738A6800A8D967 /* Base */ = {isa = PBXFileReference; lastKnownFileType = file.storyboard; name = Base; path = Base.lproj/LaunchScreen.storyboard; sourceTree = "<group>"; };
		7FFED40F26738A6800A8D967 /* Info.plist */ = {isa = PBXFileReference; lastKnownFileType = text.plist.xml; path = Info.plist; sourceTree = "<group>"; };
		7FFED41426738A6A00A8D967 /* CanaryTVTests.xctest */ = {isa = PBXFileReference; explicitFileType = wrapper.cfbundle; includeInIndex = 0; path = CanaryTVTests.xctest; sourceTree = BUILT_PRODUCTS_DIR; };
		7FFED41826738A6A00A8D967 /* CanaryTVTests.swift */ = {isa = PBXFileReference; lastKnownFileType = sourcecode.swift; path = CanaryTVTests.swift; sourceTree = "<group>"; };
		7FFED41A26738A6A00A8D967 /* Info.plist */ = {isa = PBXFileReference; lastKnownFileType = text.plist.xml; path = Info.plist; sourceTree = "<group>"; };
		7FFED41F26738A6A00A8D967 /* CanaryTVUITests.xctest */ = {isa = PBXFileReference; explicitFileType = wrapper.cfbundle; includeInIndex = 0; path = CanaryTVUITests.xctest; sourceTree = BUILT_PRODUCTS_DIR; };
		7FFED42326738A6A00A8D967 /* CanaryTVUITests.swift */ = {isa = PBXFileReference; lastKnownFileType = sourcecode.swift; path = CanaryTVUITests.swift; sourceTree = "<group>"; };
		7FFED42526738A6A00A8D967 /* Info.plist */ = {isa = PBXFileReference; lastKnownFileType = text.plist.xml; path = Info.plist; sourceTree = "<group>"; };
		7FFED4442673A3EC00A8D967 /* WebService.swift */ = {isa = PBXFileReference; fileEncoding = 4; lastKnownFileType = sourcecode.swift; path = WebService.swift; sourceTree = "<group>"; };
		7FFED4452673A3ED00A8D967 /* Endpoint.swift */ = {isa = PBXFileReference; fileEncoding = 4; lastKnownFileType = sourcecode.swift; path = Endpoint.swift; sourceTree = "<group>"; };
		7FFED44A2673A42A00A8D967 /* ListMoviesModel.swift */ = {isa = PBXFileReference; fileEncoding = 4; lastKnownFileType = sourcecode.swift; path = ListMoviesModel.swift; sourceTree = "<group>"; };
		7FFED44C2673A4FE00A8D967 /* Constants.swift */ = {isa = PBXFileReference; lastKnownFileType = sourcecode.swift; path = Constants.swift; sourceTree = "<group>"; };
		7FFED44E2673A65D00A8D967 /* ListFreeMovies.swift */ = {isa = PBXFileReference; lastKnownFileType = sourcecode.swift; path = ListFreeMovies.swift; sourceTree = "<group>"; };
		7FFED4502673A6BB00A8D967 /* GetMovieInfo.swift */ = {isa = PBXFileReference; lastKnownFileType = sourcecode.swift; path = GetMovieInfo.swift; sourceTree = "<group>"; };
		7FFED4522673A6D000A8D967 /* GetTrailerURL.swift */ = {isa = PBXFileReference; lastKnownFileType = sourcecode.swift; path = GetTrailerURL.swift; sourceTree = "<group>"; };
		7FFED4552673AF4500A8D967 /* UIApplication+TopViewController.swift */ = {isa = PBXFileReference; lastKnownFileType = sourcecode.swift; path = "UIApplication+TopViewController.swift"; sourceTree = "<group>"; };
		7FFED4572673AFCD00A8D967 /* UIViewController+ActivityIndicator.swift */ = {isa = PBXFileReference; lastKnownFileType = sourcecode.swift; path = "UIViewController+ActivityIndicator.swift"; sourceTree = "<group>"; };
		7FFED4592673B15B00A8D967 /* ErrorHandler.swift */ = {isa = PBXFileReference; lastKnownFileType = sourcecode.swift; path = ErrorHandler.swift; sourceTree = "<group>"; };
		7FFED46126775AEC00A8D967 /* HomeViewController.swift */ = {isa = PBXFileReference; lastKnownFileType = sourcecode.swift; path = HomeViewController.swift; sourceTree = "<group>"; };
		7FFED46326775B0000A8D967 /* DefaultHomeViewController.swift */ = {isa = PBXFileReference; lastKnownFileType = sourcecode.swift; path = DefaultHomeViewController.swift; sourceTree = "<group>"; };
		7FFED46626775BF100A8D967 /* HomePresenter.swift */ = {isa = PBXFileReference; lastKnownFileType = sourcecode.swift; path = HomePresenter.swift; sourceTree = "<group>"; };
		7FFED46826775BFE00A8D967 /* DefaultHomePresenter.swift */ = {isa = PBXFileReference; lastKnownFileType = sourcecode.swift; path = DefaultHomePresenter.swift; sourceTree = "<group>"; };
		7FFED46A26775C0D00A8D967 /* HomeRouter.swift */ = {isa = PBXFileReference; lastKnownFileType = sourcecode.swift; path = HomeRouter.swift; sourceTree = "<group>"; };
		7FFED46C26775C1900A8D967 /* DefaultHomeRouter.swift */ = {isa = PBXFileReference; lastKnownFileType = sourcecode.swift; path = DefaultHomeRouter.swift; sourceTree = "<group>"; };
		7FFED46E26775CC700A8D967 /* Colors.swift */ = {isa = PBXFileReference; lastKnownFileType = sourcecode.swift; path = Colors.swift; sourceTree = "<group>"; };
		7FFED47026775DFA00A8D967 /* BaseViewController.swift */ = {isa = PBXFileReference; lastKnownFileType = sourcecode.swift; path = BaseViewController.swift; sourceTree = "<group>"; };
		7FFED47226775FE400A8D967 /* DefaultHomeViewController+BuildComponents.swift */ = {isa = PBXFileReference; lastKnownFileType = sourcecode.swift; path = "DefaultHomeViewController+BuildComponents.swift"; sourceTree = "<group>"; };
		7FFED4742677601400A8D967 /* DefaultHomeViewController+Layout.swift */ = {isa = PBXFileReference; lastKnownFileType = sourcecode.swift; path = "DefaultHomeViewController+Layout.swift"; sourceTree = "<group>"; };
		7FFED47626776B4B00A8D967 /* InitializeDependencyInjectionService.swift */ = {isa = PBXFileReference; lastKnownFileType = sourcecode.swift; path = InitializeDependencyInjectionService.swift; sourceTree = "<group>"; };
		7FFED47826776C9900A8D967 /* HomeInjection.swift */ = {isa = PBXFileReference; lastKnownFileType = sourcecode.swift; path = HomeInjection.swift; sourceTree = "<group>"; };
		7FFED47B26777FDA00A8D967 /* RegisterUtils.swift */ = {isa = PBXFileReference; lastKnownFileType = sourcecode.swift; path = RegisterUtils.swift; sourceTree = "<group>"; };
		7FFED47E26779A4700A8D967 /* ListMoviesTableManager.swift */ = {isa = PBXFileReference; lastKnownFileType = sourcecode.swift; path = ListMoviesTableManager.swift; sourceTree = "<group>"; };
		7FFED4812677A9D100A8D967 /* ListMoviesTableViewCell.swift */ = {isa = PBXFileReference; lastKnownFileType = sourcecode.swift; path = ListMoviesTableViewCell.swift; sourceTree = "<group>"; };
		7FFED4822677A9D100A8D967 /* ListMoviesTableViewCell.xib */ = {isa = PBXFileReference; lastKnownFileType = file.xib; path = ListMoviesTableViewCell.xib; sourceTree = "<group>"; };
		7FFED4852677AA9C00A8D967 /* UITableViewCell+Identifier.swift */ = {isa = PBXFileReference; lastKnownFileType = sourcecode.swift; path = "UITableViewCell+Identifier.swift"; sourceTree = "<group>"; };
		7FFED48C2677B43400A8D967 /* Interactors.swift */ = {isa = PBXFileReference; lastKnownFileType = sourcecode.swift; path = Interactors.swift; sourceTree = "<group>"; };
		7FFED48E2677B44600A8D967 /* ListMoviesInteractor.swift */ = {isa = PBXFileReference; lastKnownFileType = sourcecode.swift; path = ListMoviesInteractor.swift; sourceTree = "<group>"; };
		7FFED4912677B98200A8D967 /* ListMoviesInteractorInjector.swift */ = {isa = PBXFileReference; lastKnownFileType = sourcecode.swift; path = ListMoviesInteractorInjector.swift; sourceTree = "<group>"; };
		7FFED49326788F7C00A8D967 /* ListLastMovies.swift */ = {isa = PBXFileReference; lastKnownFileType = sourcecode.swift; path = ListLastMovies.swift; sourceTree = "<group>"; };
		7FFED495267890B700A8D967 /* ListStoriesMovies.swift */ = {isa = PBXFileReference; lastKnownFileType = sourcecode.swift; path = ListStoriesMovies.swift; sourceTree = "<group>"; };
		7FFED497267890FF00A8D967 /* ListActionMovies.swift */ = {isa = PBXFileReference; lastKnownFileType = sourcecode.swift; path = ListActionMovies.swift; sourceTree = "<group>"; };
		7FFED499267895DF00A8D967 /* ListCinemaMovies.swift */ = {isa = PBXFileReference; lastKnownFileType = sourcecode.swift; path = ListCinemaMovies.swift; sourceTree = "<group>"; };
		7FFED49B2678964900A8D967 /* ListComedyMovies.swift */ = {isa = PBXFileReference; lastKnownFileType = sourcecode.swift; path = ListComedyMovies.swift; sourceTree = "<group>"; };
/* End PBXFileReference section */

/* Begin PBXFrameworksBuildPhase section */
		7FFED3FB26738A6100A8D967 /* Frameworks */ = {
			isa = PBXFrameworksBuildPhase;
			buildActionMask = 2147483647;
			files = (
				7FFED43826739D8800A8D967 /* Alamofire in Frameworks */,
				7FFED43B26739ED600A8D967 /* Swinject in Frameworks */,
			);
			runOnlyForDeploymentPostprocessing = 0;
		};
		7FFED41126738A6A00A8D967 /* Frameworks */ = {
			isa = PBXFrameworksBuildPhase;
			buildActionMask = 2147483647;
			files = (
			);
			runOnlyForDeploymentPostprocessing = 0;
		};
		7FFED41C26738A6A00A8D967 /* Frameworks */ = {
			isa = PBXFrameworksBuildPhase;
			buildActionMask = 2147483647;
			files = (
			);
			runOnlyForDeploymentPostprocessing = 0;
		};
/* End PBXFrameworksBuildPhase section */

/* Begin PBXGroup section */
		7FFED3F526738A6100A8D967 = {
			isa = PBXGroup;
			children = (
				7FFED40026738A6100A8D967 /* CanaryTV */,
				7FFED41726738A6A00A8D967 /* CanaryTVTests */,
				7FFED42226738A6A00A8D967 /* CanaryTVUITests */,
				7FFED3FF26738A6100A8D967 /* Products */,
			);
			sourceTree = "<group>";
		};
		7FFED3FF26738A6100A8D967 /* Products */ = {
			isa = PBXGroup;
			children = (
				7FFED3FE26738A6100A8D967 /* CanaryTV.app */,
				7FFED41426738A6A00A8D967 /* CanaryTVTests.xctest */,
				7FFED41F26738A6A00A8D967 /* CanaryTVUITests.xctest */,
			);
			name = Products;
			sourceTree = "<group>";
		};
		7FFED40026738A6100A8D967 /* CanaryTV */ = {
			isa = PBXGroup;
			children = (
				7FFED431267397D200A8D967 /* Base */,
				7FFED432267397EC00A8D967 /* Commons */,
				7FFED433267397FE00A8D967 /* Modules */,
				7FFED4402673A32F00A8D967 /* NetworkLayer */,
			);
			path = CanaryTV;
			sourceTree = "<group>";
		};
		7FFED41726738A6A00A8D967 /* CanaryTVTests */ = {
			isa = PBXGroup;
			children = (
				7FFED41826738A6A00A8D967 /* CanaryTVTests.swift */,
				7FFED41A26738A6A00A8D967 /* Info.plist */,
			);
			path = CanaryTVTests;
			sourceTree = "<group>";
		};
		7FFED42226738A6A00A8D967 /* CanaryTVUITests */ = {
			isa = PBXGroup;
			children = (
				7FFED42326738A6A00A8D967 /* CanaryTVUITests.swift */,
				7FFED42526738A6A00A8D967 /* Info.plist */,
			);
			path = CanaryTVUITests;
			sourceTree = "<group>";
		};
		7FFED431267397D200A8D967 /* Base */ = {
			isa = PBXGroup;
			children = (
				7FFED40F26738A6800A8D967 /* Info.plist */,
				7FFED40126738A6100A8D967 /* AppDelegate.swift */,
				7FFED47026775DFA00A8D967 /* BaseViewController.swift */,
				7FFED40326738A6100A8D967 /* SceneDelegate.swift */,
				7FFED40A26738A6800A8D967 /* Assets.xcassets */,
				7FFED47A26777FA400A8D967 /* Injection */,
				7FFED48B2677B3FF00A8D967 /* Interactors */,
				7FFED40C26738A6800A8D967 /* LaunchScreen.storyboard */,
			);
			path = Base;
			sourceTree = "<group>";
		};
		7FFED432267397EC00A8D967 /* Commons */ = {
			isa = PBXGroup;
			children = (
				7FFED46E26775CC700A8D967 /* Colors.swift */,
				7FFED44C2673A4FE00A8D967 /* Constants.swift */,
				7FFED4592673B15B00A8D967 /* ErrorHandler.swift */,
				7FFED4542673AF3400A8D967 /* Utils */,
			);
			path = Commons;
			sourceTree = "<group>";
		};
		7FFED433267397FE00A8D967 /* Modules */ = {
			isa = PBXGroup;
			children = (
				7FFED435267398DE00A8D967 /* Detail */,
				7FFED434267398D200A8D967 /* Home */,
			);
			path = Modules;
			sourceTree = "<group>";
		};
		7FFED434267398D200A8D967 /* Home */ = {
			isa = PBXGroup;
			children = (
				7FFED47826776C9900A8D967 /* HomeInjection.swift */,
				7FFED45F2677587300A8D967 /* HomePresenter */,
				7FFED4602677587B00A8D967 /* HomeRouter */,
				7FFED45D2677585D00A8D967 /* HomeView */,
			);
			path = Home;
			sourceTree = "<group>";
		};
		7FFED435267398DE00A8D967 /* Detail */ = {
			isa = PBXGroup;
			children = (
			);
			path = Detail;
			sourceTree = "<group>";
		};
		7FFED4402673A32F00A8D967 /* NetworkLayer */ = {
			isa = PBXGroup;
			children = (
				7FFED4412673A36800A8D967 /* Configuration */,
				7FFED4422673A37500A8D967 /* Endpoints */,
				7FFED4432673A37F00A8D967 /* Models */,
			);
			path = NetworkLayer;
			sourceTree = "<group>";
		};
		7FFED4412673A36800A8D967 /* Configuration */ = {
			isa = PBXGroup;
			children = (
				7FFED4452673A3ED00A8D967 /* Endpoint.swift */,
				7FFED4442673A3EC00A8D967 /* WebService.swift */,
			);
			path = Configuration;
			sourceTree = "<group>";
		};
		7FFED4422673A37500A8D967 /* Endpoints */ = {
			isa = PBXGroup;
			children = (
				7FFED4502673A6BB00A8D967 /* GetMovieInfo.swift */,
				7FFED4522673A6D000A8D967 /* GetTrailerURL.swift */,
				7FFED44E2673A65D00A8D967 /* ListFreeMovies.swift */,
				7FFED49326788F7C00A8D967 /* ListLastMovies.swift */,
				7FFED495267890B700A8D967 /* ListStoriesMovies.swift */,
				7FFED497267890FF00A8D967 /* ListActionMovies.swift */,
				7FFED499267895DF00A8D967 /* ListCinemaMovies.swift */,
				7FFED49B2678964900A8D967 /* ListComedyMovies.swift */,
			);
			path = Endpoints;
			sourceTree = "<group>";
		};
		7FFED4432673A37F00A8D967 /* Models */ = {
			isa = PBXGroup;
			children = (
				7FFED44A2673A42A00A8D967 /* ListMoviesModel.swift */,
			);
			path = Models;
			sourceTree = "<group>";
		};
		7FFED4542673AF3400A8D967 /* Utils */ = {
			isa = PBXGroup;
			children = (
				7FFED4552673AF4500A8D967 /* UIApplication+TopViewController.swift */,
				7FFED4852677AA9C00A8D967 /* UITableViewCell+Identifier.swift */,
				7FFED4572673AFCD00A8D967 /* UIViewController+ActivityIndicator.swift */,
			);
			path = Utils;
			sourceTree = "<group>";
		};
		7FFED45D2677585D00A8D967 /* HomeView */ = {
			isa = PBXGroup;
			children = (
				7FFED47D26779A0700A8D967 /* Utils */,
				7FFED46326775B0000A8D967 /* DefaultHomeViewController.swift */,
				7FFED47226775FE400A8D967 /* DefaultHomeViewController+BuildComponents.swift */,
				7FFED4742677601400A8D967 /* DefaultHomeViewController+Layout.swift */,
				7FFED46126775AEC00A8D967 /* HomeViewController.swift */,
			);
			path = HomeView;
			sourceTree = "<group>";
		};
		7FFED45F2677587300A8D967 /* HomePresenter */ = {
			isa = PBXGroup;
			children = (
				7FFED46626775BF100A8D967 /* HomePresenter.swift */,
				7FFED46826775BFE00A8D967 /* DefaultHomePresenter.swift */,
			);
			path = HomePresenter;
			sourceTree = "<group>";
		};
		7FFED4602677587B00A8D967 /* HomeRouter */ = {
			isa = PBXGroup;
			children = (
				7FFED46A26775C0D00A8D967 /* HomeRouter.swift */,
				7FFED46C26775C1900A8D967 /* DefaultHomeRouter.swift */,
			);
			path = HomeRouter;
			sourceTree = "<group>";
		};
		7FFED47A26777FA400A8D967 /* Injection */ = {
			isa = PBXGroup;
			children = (
				7FFED47626776B4B00A8D967 /* InitializeDependencyInjectionService.swift */,
				7FFED47B26777FDA00A8D967 /* RegisterUtils.swift */,
			);
			path = Injection;
			sourceTree = "<group>";
		};
		7FFED47D26779A0700A8D967 /* Utils */ = {
			isa = PBXGroup;
			children = (
				7FFED4802677A98E00A8D967 /* Collections */,
				7FFED47E26779A4700A8D967 /* ListMoviesTableManager.swift */,
			);
			path = Utils;
			sourceTree = "<group>";
		};
		7FFED4802677A98E00A8D967 /* Collections */ = {
			isa = PBXGroup;
			children = (
				7FFED4812677A9D100A8D967 /* ListMoviesTableViewCell.swift */,
				7FFED4822677A9D100A8D967 /* ListMoviesTableViewCell.xib */,
			);
			path = Collections;
			sourceTree = "<group>";
		};
		7FFED48B2677B3FF00A8D967 /* Interactors */ = {
			isa = PBXGroup;
			children = (
				7FFED4902677B96A00A8D967 /* ListMovies */,
				7FFED48C2677B43400A8D967 /* Interactors.swift */,
			);
			path = Interactors;
			sourceTree = "<group>";
		};
		7FFED4902677B96A00A8D967 /* ListMovies */ = {
			isa = PBXGroup;
			children = (
				7FFED48E2677B44600A8D967 /* ListMoviesInteractor.swift */,
				7FFED4912677B98200A8D967 /* ListMoviesInteractorInjector.swift */,
			);
			path = ListMovies;
			sourceTree = "<group>";
		};
/* End PBXGroup section */

/* Begin PBXNativeTarget section */
		7FFED3FD26738A6100A8D967 /* CanaryTV */ = {
			isa = PBXNativeTarget;
			buildConfigurationList = 7FFED42826738A6A00A8D967 /* Build configuration list for PBXNativeTarget "CanaryTV" */;
			buildPhases = (
				7FFED3FA26738A6100A8D967 /* Sources */,
				7FFED3FB26738A6100A8D967 /* Frameworks */,
				7FFED3FC26738A6100A8D967 /* Resources */,
			);
			buildRules = (
			);
			dependencies = (
			);
			name = CanaryTV;
			packageProductDependencies = (
				7FFED43726739D8800A8D967 /* Alamofire */,
				7FFED43A26739ED600A8D967 /* Swinject */,
			);
			productName = CanaryTV;
			productReference = 7FFED3FE26738A6100A8D967 /* CanaryTV.app */;
			productType = "com.apple.product-type.application";
		};
		7FFED41326738A6A00A8D967 /* CanaryTVTests */ = {
			isa = PBXNativeTarget;
			buildConfigurationList = 7FFED42B26738A6A00A8D967 /* Build configuration list for PBXNativeTarget "CanaryTVTests" */;
			buildPhases = (
				7FFED41026738A6A00A8D967 /* Sources */,
				7FFED41126738A6A00A8D967 /* Frameworks */,
				7FFED41226738A6A00A8D967 /* Resources */,
			);
			buildRules = (
			);
			dependencies = (
				7FFED41626738A6A00A8D967 /* PBXTargetDependency */,
			);
			name = CanaryTVTests;
			productName = CanaryTVTests;
			productReference = 7FFED41426738A6A00A8D967 /* CanaryTVTests.xctest */;
			productType = "com.apple.product-type.bundle.unit-test";
		};
		7FFED41E26738A6A00A8D967 /* CanaryTVUITests */ = {
			isa = PBXNativeTarget;
			buildConfigurationList = 7FFED42E26738A6A00A8D967 /* Build configuration list for PBXNativeTarget "CanaryTVUITests" */;
			buildPhases = (
				7FFED41B26738A6A00A8D967 /* Sources */,
				7FFED41C26738A6A00A8D967 /* Frameworks */,
				7FFED41D26738A6A00A8D967 /* Resources */,
			);
			buildRules = (
			);
			dependencies = (
				7FFED42126738A6A00A8D967 /* PBXTargetDependency */,
			);
			name = CanaryTVUITests;
			productName = CanaryTVUITests;
			productReference = 7FFED41F26738A6A00A8D967 /* CanaryTVUITests.xctest */;
			productType = "com.apple.product-type.bundle.ui-testing";
		};
/* End PBXNativeTarget section */

/* Begin PBXProject section */
		7FFED3F626738A6100A8D967 /* Project object */ = {
			isa = PBXProject;
			attributes = {
				LastSwiftUpdateCheck = 1250;
				LastUpgradeCheck = 1250;
				TargetAttributes = {
					7FFED3FD26738A6100A8D967 = {
						CreatedOnToolsVersion = 12.5;
					};
					7FFED41326738A6A00A8D967 = {
						CreatedOnToolsVersion = 12.5;
						TestTargetID = 7FFED3FD26738A6100A8D967;
					};
					7FFED41E26738A6A00A8D967 = {
						CreatedOnToolsVersion = 12.5;
						TestTargetID = 7FFED3FD26738A6100A8D967;
					};
				};
			};
			buildConfigurationList = 7FFED3F926738A6100A8D967 /* Build configuration list for PBXProject "CanaryTV" */;
			compatibilityVersion = "Xcode 9.3";
			developmentRegion = en;
			hasScannedForEncodings = 0;
			knownRegions = (
				en,
				Base,
			);
			mainGroup = 7FFED3F526738A6100A8D967;
			packageReferences = (
				7FFED43626739D8800A8D967 /* XCRemoteSwiftPackageReference "Alamofire" */,
				7FFED43926739ED600A8D967 /* XCRemoteSwiftPackageReference "Swinject" */,
			);
			productRefGroup = 7FFED3FF26738A6100A8D967 /* Products */;
			projectDirPath = "";
			projectRoot = "";
			targets = (
				7FFED3FD26738A6100A8D967 /* CanaryTV */,
				7FFED41326738A6A00A8D967 /* CanaryTVTests */,
				7FFED41E26738A6A00A8D967 /* CanaryTVUITests */,
			);
		};
/* End PBXProject section */

/* Begin PBXResourcesBuildPhase section */
		7FFED3FC26738A6100A8D967 /* Resources */ = {
			isa = PBXResourcesBuildPhase;
			buildActionMask = 2147483647;
			files = (
				7FFED40E26738A6800A8D967 /* LaunchScreen.storyboard in Resources */,
				7FFED40B26738A6800A8D967 /* Assets.xcassets in Resources */,
				7FFED4842677A9D100A8D967 /* ListMoviesTableViewCell.xib in Resources */,
			);
			runOnlyForDeploymentPostprocessing = 0;
		};
		7FFED41226738A6A00A8D967 /* Resources */ = {
			isa = PBXResourcesBuildPhase;
			buildActionMask = 2147483647;
			files = (
			);
			runOnlyForDeploymentPostprocessing = 0;
		};
		7FFED41D26738A6A00A8D967 /* Resources */ = {
			isa = PBXResourcesBuildPhase;
			buildActionMask = 2147483647;
			files = (
			);
			runOnlyForDeploymentPostprocessing = 0;
		};
/* End PBXResourcesBuildPhase section */

/* Begin PBXSourcesBuildPhase section */
		7FFED3FA26738A6100A8D967 /* Sources */ = {
			isa = PBXSourcesBuildPhase;
			buildActionMask = 2147483647;
			files = (
				7FFED47C26777FDA00A8D967 /* RegisterUtils.swift in Sources */,
				7FFED46426775B0000A8D967 /* DefaultHomeViewController.swift in Sources */,
				7FFED46F26775CC700A8D967 /* Colors.swift in Sources */,
				7FFED47326775FE400A8D967 /* DefaultHomeViewController+BuildComponents.swift in Sources */,
				7FFED40226738A6100A8D967 /* AppDelegate.swift in Sources */,
				7FFED4832677A9D100A8D967 /* ListMoviesTableViewCell.swift in Sources */,
				7FFED44F2673A65D00A8D967 /* ListFreeMovies.swift in Sources */,
				7FFED48D2677B43400A8D967 /* Interactors.swift in Sources */,
				7FFED47126775DFB00A8D967 /* BaseViewController.swift in Sources */,
				7FFED4462673A3ED00A8D967 /* WebService.swift in Sources */,
				7FFED498267890FF00A8D967 /* ListActionMovies.swift in Sources */,
				7FFED46D26775C1900A8D967 /* DefaultHomeRouter.swift in Sources */,
				7FFED40426738A6100A8D967 /* SceneDelegate.swift in Sources */,
				7FFED46226775AEC00A8D967 /* HomeViewController.swift in Sources */,
				7FFED4862677AA9C00A8D967 /* UITableViewCell+Identifier.swift in Sources */,
				7FFED46B26775C0D00A8D967 /* HomeRouter.swift in Sources */,
				7FFED45A2673B15B00A8D967 /* ErrorHandler.swift in Sources */,
				7FFED47926776C9900A8D967 /* HomeInjection.swift in Sources */,
				7FFED4472673A3ED00A8D967 /* Endpoint.swift in Sources */,
				7FFED4532673A6D000A8D967 /* GetTrailerURL.swift in Sources */,
				7FFED48F2677B44600A8D967 /* ListMoviesInteractor.swift in Sources */,
				7FFED49A267895DF00A8D967 /* ListCinemaMovies.swift in Sources */,
				7FFED4752677601400A8D967 /* DefaultHomeViewController+Layout.swift in Sources */,
				7FFED496267890B700A8D967 /* ListStoriesMovies.swift in Sources */,
				7FFED47F26779A4700A8D967 /* ListMoviesTableManager.swift in Sources */,
				7FFED49C2678964900A8D967 /* ListComedyMovies.swift in Sources */,
				7FFED4512673A6BB00A8D967 /* GetMovieInfo.swift in Sources */,
				7FFED4562673AF4500A8D967 /* UIApplication+TopViewController.swift in Sources */,
				7FFED47726776B4B00A8D967 /* InitializeDependencyInjectionService.swift in Sources */,
				7FFED49426788F7C00A8D967 /* ListLastMovies.swift in Sources */,
				7FFED46926775BFE00A8D967 /* DefaultHomePresenter.swift in Sources */,
				7FFED4582673AFCD00A8D967 /* UIViewController+ActivityIndicator.swift in Sources */,
				7FFED44B2673A42A00A8D967 /* ListMoviesModel.swift in Sources */,
				7FFED4922677B98200A8D967 /* ListMoviesInteractorInjector.swift in Sources */,
				7FFED44D2673A4FE00A8D967 /* Constants.swift in Sources */,
				7FFED46726775BF100A8D967 /* HomePresenter.swift in Sources */,
			);
			runOnlyForDeploymentPostprocessing = 0;
		};
		7FFED41026738A6A00A8D967 /* Sources */ = {
			isa = PBXSourcesBuildPhase;
			buildActionMask = 2147483647;
			files = (
				7FFED41926738A6A00A8D967 /* CanaryTVTests.swift in Sources */,
			);
			runOnlyForDeploymentPostprocessing = 0;
		};
		7FFED41B26738A6A00A8D967 /* Sources */ = {
			isa = PBXSourcesBuildPhase;
			buildActionMask = 2147483647;
			files = (
				7FFED42426738A6A00A8D967 /* CanaryTVUITests.swift in Sources */,
			);
			runOnlyForDeploymentPostprocessing = 0;
		};
/* End PBXSourcesBuildPhase section */

/* Begin PBXTargetDependency section */
		7FFED41626738A6A00A8D967 /* PBXTargetDependency */ = {
			isa = PBXTargetDependency;
			target = 7FFED3FD26738A6100A8D967 /* CanaryTV */;
			targetProxy = 7FFED41526738A6A00A8D967 /* PBXContainerItemProxy */;
		};
		7FFED42126738A6A00A8D967 /* PBXTargetDependency */ = {
			isa = PBXTargetDependency;
			target = 7FFED3FD26738A6100A8D967 /* CanaryTV */;
			targetProxy = 7FFED42026738A6A00A8D967 /* PBXContainerItemProxy */;
		};
/* End PBXTargetDependency section */

/* Begin PBXVariantGroup section */
		7FFED40C26738A6800A8D967 /* LaunchScreen.storyboard */ = {
			isa = PBXVariantGroup;
			children = (
				7FFED40D26738A6800A8D967 /* Base */,
			);
			name = LaunchScreen.storyboard;
			sourceTree = "<group>";
		};
/* End PBXVariantGroup section */

/* Begin XCBuildConfiguration section */
		7FFED42626738A6A00A8D967 /* Debug */ = {
			isa = XCBuildConfiguration;
			buildSettings = {
				ALWAYS_SEARCH_USER_PATHS = NO;
				CLANG_ANALYZER_NONNULL = YES;
				CLANG_ANALYZER_NUMBER_OBJECT_CONVERSION = YES_AGGRESSIVE;
				CLANG_CXX_LANGUAGE_STANDARD = "gnu++14";
				CLANG_CXX_LIBRARY = "libc++";
				CLANG_ENABLE_MODULES = YES;
				CLANG_ENABLE_OBJC_ARC = YES;
				CLANG_ENABLE_OBJC_WEAK = YES;
				CLANG_WARN_BLOCK_CAPTURE_AUTORELEASING = YES;
				CLANG_WARN_BOOL_CONVERSION = YES;
				CLANG_WARN_COMMA = YES;
				CLANG_WARN_CONSTANT_CONVERSION = YES;
				CLANG_WARN_DEPRECATED_OBJC_IMPLEMENTATIONS = YES;
				CLANG_WARN_DIRECT_OBJC_ISA_USAGE = YES_ERROR;
				CLANG_WARN_DOCUMENTATION_COMMENTS = YES;
				CLANG_WARN_EMPTY_BODY = YES;
				CLANG_WARN_ENUM_CONVERSION = YES;
				CLANG_WARN_INFINITE_RECURSION = YES;
				CLANG_WARN_INT_CONVERSION = YES;
				CLANG_WARN_NON_LITERAL_NULL_CONVERSION = YES;
				CLANG_WARN_OBJC_IMPLICIT_RETAIN_SELF = YES;
				CLANG_WARN_OBJC_LITERAL_CONVERSION = YES;
				CLANG_WARN_OBJC_ROOT_CLASS = YES_ERROR;
				CLANG_WARN_QUOTED_INCLUDE_IN_FRAMEWORK_HEADER = YES;
				CLANG_WARN_RANGE_LOOP_ANALYSIS = YES;
				CLANG_WARN_STRICT_PROTOTYPES = YES;
				CLANG_WARN_SUSPICIOUS_MOVE = YES;
				CLANG_WARN_UNGUARDED_AVAILABILITY = YES_AGGRESSIVE;
				CLANG_WARN_UNREACHABLE_CODE = YES;
				CLANG_WARN__DUPLICATE_METHOD_MATCH = YES;
				COPY_PHASE_STRIP = NO;
				DEBUG_INFORMATION_FORMAT = dwarf;
				ENABLE_STRICT_OBJC_MSGSEND = YES;
				ENABLE_TESTABILITY = YES;
				GCC_C_LANGUAGE_STANDARD = gnu11;
				GCC_DYNAMIC_NO_PIC = NO;
				GCC_NO_COMMON_BLOCKS = YES;
				GCC_OPTIMIZATION_LEVEL = 0;
				GCC_PREPROCESSOR_DEFINITIONS = (
					"DEBUG=1",
					"$(inherited)",
				);
				GCC_WARN_64_TO_32_BIT_CONVERSION = YES;
				GCC_WARN_ABOUT_RETURN_TYPE = YES_ERROR;
				GCC_WARN_UNDECLARED_SELECTOR = YES;
				GCC_WARN_UNINITIALIZED_AUTOS = YES_AGGRESSIVE;
				GCC_WARN_UNUSED_FUNCTION = YES;
				GCC_WARN_UNUSED_VARIABLE = YES;
				IPHONEOS_DEPLOYMENT_TARGET = 14.5;
				MTL_ENABLE_DEBUG_INFO = INCLUDE_SOURCE;
				MTL_FAST_MATH = YES;
				ONLY_ACTIVE_ARCH = YES;
				SDKROOT = iphoneos;
				SWIFT_ACTIVE_COMPILATION_CONDITIONS = DEBUG;
				SWIFT_OPTIMIZATION_LEVEL = "-Onone";
			};
			name = Debug;
		};
		7FFED42726738A6A00A8D967 /* Release */ = {
			isa = XCBuildConfiguration;
			buildSettings = {
				ALWAYS_SEARCH_USER_PATHS = NO;
				CLANG_ANALYZER_NONNULL = YES;
				CLANG_ANALYZER_NUMBER_OBJECT_CONVERSION = YES_AGGRESSIVE;
				CLANG_CXX_LANGUAGE_STANDARD = "gnu++14";
				CLANG_CXX_LIBRARY = "libc++";
				CLANG_ENABLE_MODULES = YES;
				CLANG_ENABLE_OBJC_ARC = YES;
				CLANG_ENABLE_OBJC_WEAK = YES;
				CLANG_WARN_BLOCK_CAPTURE_AUTORELEASING = YES;
				CLANG_WARN_BOOL_CONVERSION = YES;
				CLANG_WARN_COMMA = YES;
				CLANG_WARN_CONSTANT_CONVERSION = YES;
				CLANG_WARN_DEPRECATED_OBJC_IMPLEMENTATIONS = YES;
				CLANG_WARN_DIRECT_OBJC_ISA_USAGE = YES_ERROR;
				CLANG_WARN_DOCUMENTATION_COMMENTS = YES;
				CLANG_WARN_EMPTY_BODY = YES;
				CLANG_WARN_ENUM_CONVERSION = YES;
				CLANG_WARN_INFINITE_RECURSION = YES;
				CLANG_WARN_INT_CONVERSION = YES;
				CLANG_WARN_NON_LITERAL_NULL_CONVERSION = YES;
				CLANG_WARN_OBJC_IMPLICIT_RETAIN_SELF = YES;
				CLANG_WARN_OBJC_LITERAL_CONVERSION = YES;
				CLANG_WARN_OBJC_ROOT_CLASS = YES_ERROR;
				CLANG_WARN_QUOTED_INCLUDE_IN_FRAMEWORK_HEADER = YES;
				CLANG_WARN_RANGE_LOOP_ANALYSIS = YES;
				CLANG_WARN_STRICT_PROTOTYPES = YES;
				CLANG_WARN_SUSPICIOUS_MOVE = YES;
				CLANG_WARN_UNGUARDED_AVAILABILITY = YES_AGGRESSIVE;
				CLANG_WARN_UNREACHABLE_CODE = YES;
				CLANG_WARN__DUPLICATE_METHOD_MATCH = YES;
				COPY_PHASE_STRIP = NO;
				DEBUG_INFORMATION_FORMAT = "dwarf-with-dsym";
				ENABLE_NS_ASSERTIONS = NO;
				ENABLE_STRICT_OBJC_MSGSEND = YES;
				GCC_C_LANGUAGE_STANDARD = gnu11;
				GCC_NO_COMMON_BLOCKS = YES;
				GCC_WARN_64_TO_32_BIT_CONVERSION = YES;
				GCC_WARN_ABOUT_RETURN_TYPE = YES_ERROR;
				GCC_WARN_UNDECLARED_SELECTOR = YES;
				GCC_WARN_UNINITIALIZED_AUTOS = YES_AGGRESSIVE;
				GCC_WARN_UNUSED_FUNCTION = YES;
				GCC_WARN_UNUSED_VARIABLE = YES;
				IPHONEOS_DEPLOYMENT_TARGET = 14.5;
				MTL_ENABLE_DEBUG_INFO = NO;
				MTL_FAST_MATH = YES;
				SDKROOT = iphoneos;
				SWIFT_COMPILATION_MODE = wholemodule;
				SWIFT_OPTIMIZATION_LEVEL = "-O";
				VALIDATE_PRODUCT = YES;
			};
			name = Release;
		};
		7FFED42926738A6A00A8D967 /* Debug */ = {
			isa = XCBuildConfiguration;
			buildSettings = {
				ASSETCATALOG_COMPILER_APPICON_NAME = AppIcon;
				ASSETCATALOG_COMPILER_GLOBAL_ACCENT_COLOR_NAME = AccentColor;
				CODE_SIGN_STYLE = Automatic;
				DEVELOPMENT_TEAM = Q2AUK3F279;
				INFOPLIST_FILE = CanaryTV/Base/Info.plist;
				LD_RUNPATH_SEARCH_PATHS = (
					"$(inherited)",
					"@executable_path/Frameworks",
				);
				PRODUCT_BUNDLE_IDENTIFIER = jpv.es.CanaryTV;
				PRODUCT_NAME = "$(TARGET_NAME)";
				SWIFT_VERSION = 5.0;
				TARGETED_DEVICE_FAMILY = 1;
			};
			name = Debug;
		};
		7FFED42A26738A6A00A8D967 /* Release */ = {
			isa = XCBuildConfiguration;
			buildSettings = {
				ASSETCATALOG_COMPILER_APPICON_NAME = AppIcon;
				ASSETCATALOG_COMPILER_GLOBAL_ACCENT_COLOR_NAME = AccentColor;
				CODE_SIGN_STYLE = Automatic;
				DEVELOPMENT_TEAM = Q2AUK3F279;
				INFOPLIST_FILE = CanaryTV/Base/Info.plist;
				LD_RUNPATH_SEARCH_PATHS = (
					"$(inherited)",
					"@executable_path/Frameworks",
				);
				PRODUCT_BUNDLE_IDENTIFIER = jpv.es.CanaryTV;
				PRODUCT_NAME = "$(TARGET_NAME)";
				SWIFT_VERSION = 5.0;
				TARGETED_DEVICE_FAMILY = 1;
			};
			name = Release;
		};
		7FFED42C26738A6A00A8D967 /* Debug */ = {
			isa = XCBuildConfiguration;
			buildSettings = {
				ALWAYS_EMBED_SWIFT_STANDARD_LIBRARIES = YES;
				BUNDLE_LOADER = "$(TEST_HOST)";
				CODE_SIGN_STYLE = Automatic;
				DEVELOPMENT_TEAM = Q2AUK3F279;
				INFOPLIST_FILE = CanaryTVTests/Info.plist;
				IPHONEOS_DEPLOYMENT_TARGET = 14.5;
				LD_RUNPATH_SEARCH_PATHS = (
					"$(inherited)",
					"@executable_path/Frameworks",
					"@loader_path/Frameworks",
				);
				PRODUCT_BUNDLE_IDENTIFIER = jpv.es.CanaryTVTests;
				PRODUCT_NAME = "$(TARGET_NAME)";
				SWIFT_VERSION = 5.0;
				TARGETED_DEVICE_FAMILY = "1,2";
				TEST_HOST = "$(BUILT_PRODUCTS_DIR)/CanaryTV.app/CanaryTV";
			};
			name = Debug;
		};
		7FFED42D26738A6A00A8D967 /* Release */ = {
			isa = XCBuildConfiguration;
			buildSettings = {
				ALWAYS_EMBED_SWIFT_STANDARD_LIBRARIES = YES;
				BUNDLE_LOADER = "$(TEST_HOST)";
				CODE_SIGN_STYLE = Automatic;
				DEVELOPMENT_TEAM = Q2AUK3F279;
				INFOPLIST_FILE = CanaryTVTests/Info.plist;
				IPHONEOS_DEPLOYMENT_TARGET = 14.5;
				LD_RUNPATH_SEARCH_PATHS = (
					"$(inherited)",
					"@executable_path/Frameworks",
					"@loader_path/Frameworks",
				);
				PRODUCT_BUNDLE_IDENTIFIER = jpv.es.CanaryTVTests;
				PRODUCT_NAME = "$(TARGET_NAME)";
				SWIFT_VERSION = 5.0;
				TARGETED_DEVICE_FAMILY = "1,2";
				TEST_HOST = "$(BUILT_PRODUCTS_DIR)/CanaryTV.app/CanaryTV";
			};
			name = Release;
		};
		7FFED42F26738A6A00A8D967 /* Debug */ = {
			isa = XCBuildConfiguration;
			buildSettings = {
				ALWAYS_EMBED_SWIFT_STANDARD_LIBRARIES = YES;
				CODE_SIGN_STYLE = Automatic;
				DEVELOPMENT_TEAM = Q2AUK3F279;
				INFOPLIST_FILE = CanaryTVUITests/Info.plist;
				LD_RUNPATH_SEARCH_PATHS = (
					"$(inherited)",
					"@executable_path/Frameworks",
					"@loader_path/Frameworks",
				);
				PRODUCT_BUNDLE_IDENTIFIER = jpv.es.CanaryTVUITests;
				PRODUCT_NAME = "$(TARGET_NAME)";
				SWIFT_VERSION = 5.0;
				TARGETED_DEVICE_FAMILY = "1,2";
				TEST_TARGET_NAME = CanaryTV;
			};
			name = Debug;
		};
		7FFED43026738A6A00A8D967 /* Release */ = {
			isa = XCBuildConfiguration;
			buildSettings = {
				ALWAYS_EMBED_SWIFT_STANDARD_LIBRARIES = YES;
				CODE_SIGN_STYLE = Automatic;
				DEVELOPMENT_TEAM = Q2AUK3F279;
				INFOPLIST_FILE = CanaryTVUITests/Info.plist;
				LD_RUNPATH_SEARCH_PATHS = (
					"$(inherited)",
					"@executable_path/Frameworks",
					"@loader_path/Frameworks",
				);
				PRODUCT_BUNDLE_IDENTIFIER = jpv.es.CanaryTVUITests;
				PRODUCT_NAME = "$(TARGET_NAME)";
				SWIFT_VERSION = 5.0;
				TARGETED_DEVICE_FAMILY = "1,2";
				TEST_TARGET_NAME = CanaryTV;
			};
			name = Release;
		};
/* End XCBuildConfiguration section */

/* Begin XCConfigurationList section */
		7FFED3F926738A6100A8D967 /* Build configuration list for PBXProject "CanaryTV" */ = {
			isa = XCConfigurationList;
			buildConfigurations = (
				7FFED42626738A6A00A8D967 /* Debug */,
				7FFED42726738A6A00A8D967 /* Release */,
			);
			defaultConfigurationIsVisible = 0;
			defaultConfigurationName = Release;
		};
		7FFED42826738A6A00A8D967 /* Build configuration list for PBXNativeTarget "CanaryTV" */ = {
			isa = XCConfigurationList;
			buildConfigurations = (
				7FFED42926738A6A00A8D967 /* Debug */,
				7FFED42A26738A6A00A8D967 /* Release */,
			);
			defaultConfigurationIsVisible = 0;
			defaultConfigurationName = Release;
		};
		7FFED42B26738A6A00A8D967 /* Build configuration list for PBXNativeTarget "CanaryTVTests" */ = {
			isa = XCConfigurationList;
			buildConfigurations = (
				7FFED42C26738A6A00A8D967 /* Debug */,
				7FFED42D26738A6A00A8D967 /* Release */,
			);
			defaultConfigurationIsVisible = 0;
			defaultConfigurationName = Release;
		};
		7FFED42E26738A6A00A8D967 /* Build configuration list for PBXNativeTarget "CanaryTVUITests" */ = {
			isa = XCConfigurationList;
			buildConfigurations = (
				7FFED42F26738A6A00A8D967 /* Debug */,
				7FFED43026738A6A00A8D967 /* Release */,
			);
			defaultConfigurationIsVisible = 0;
			defaultConfigurationName = Release;
		};
/* End XCConfigurationList section */

/* Begin XCRemoteSwiftPackageReference section */
		7FFED43626739D8800A8D967 /* XCRemoteSwiftPackageReference "Alamofire" */ = {
			isa = XCRemoteSwiftPackageReference;
			repositoryURL = "https://github.com/Alamofire/Alamofire.git";
			requirement = {
				kind = exactVersion;
				version = 5.4.3;
			};
		};
		7FFED43926739ED600A8D967 /* XCRemoteSwiftPackageReference "Swinject" */ = {
			isa = XCRemoteSwiftPackageReference;
			repositoryURL = "https://github.com/Swinject/Swinject.git";
			requirement = {
				kind = exactVersion;
				version = 2.7.1;
			};
		};
/* End XCRemoteSwiftPackageReference section */

/* Begin XCSwiftPackageProductDependency section */
		7FFED43726739D8800A8D967 /* Alamofire */ = {
			isa = XCSwiftPackageProductDependency;
			package = 7FFED43626739D8800A8D967 /* XCRemoteSwiftPackageReference "Alamofire" */;
			productName = Alamofire;
		};
		7FFED43A26739ED600A8D967 /* Swinject */ = {
			isa = XCSwiftPackageProductDependency;
			package = 7FFED43926739ED600A8D967 /* XCRemoteSwiftPackageReference "Swinject" */;
			productName = Swinject;
		};
/* End XCSwiftPackageProductDependency section */
	};
	rootObject = 7FFED3F626738A6100A8D967 /* Project object */;
}
